
Microsoft Visual Studio Solution File, Format Version 12.00
# Visual Studio 15
VisualStudioVersion = 15.0.28307.1684
MinimumVisualStudioVersion = 10.0.40219.1
Project("{FAE04EC0-301F-11D3-BF4B-00C04F79EFBC}") = "IP_hw1", "IP_hw1.csproj", "{0613F5D5-5097-4AD4-8916-0787134FF8EB}"
EndProject
Global
	GlobalSection(SolutionConfigurationPlatforms) = preSolution
		Debug|Any CPU = Debug|Any CPU
		Release|Any CPU = Release|Any CPU
	EndGlobalSection
	GlobalSection(ProjectConfigurationPlatforms) = postSolution
		{0613F5D5-5097-4AD4-8916-0787134FF8EB}.Debug|Any CPU.ActiveCfg = Debug|Any CPU
		{0613F5D5-5097-4AD4-8916-0787134FF8EB}.Debug|Any CPU.Build.0 = Debug|Any CPU
		{0613F5D5-5097-4AD4-8916-0787134FF8EB}.Release|Any CPU.ActiveCfg = Release|Any CPU
		{0613F5D5-5097-4AD4-8916-0787134FF8EB}.Release|Any CPU.Build.0 = Release|Any CPU
	EndGlobalSection
	GlobalSection(SolutionProperties) = preSolution
		HideSolutionNode = FALSE
	EndGlobalSection
	GlobalSection(ExtensibilityGlobals) = postSolution
		SolutionGuid = {B8D58DFE-0BAB-42AF-BFAB-CA02A4B2E130}
	EndGlobalSection
EndGlobal
